lockfileVersion: 5.4

overrides:
  '@fp-ts/data': 0.0.39
  typescript: https://cdn.jsdelivr.net/npm/@tsplus/installer@0.0.164/compiler/typescript.tgz

specifiers:
  '@effect-app/core': ^0.7.0
  '@effect-app/prelude': ^0.7.0
  '@effect-app/schema': ^0.7.0
  '@effect/io': ^0.0.65
  '@effect/language-service': ^0.0.15
  '@fp-ts/data': 0.0.39
  '@rollup/pluginutils': ^5.0.2
  '@types/node': ^18.11.18
  prettier: ^2.8.3
  ts-node: ^10.9.1
  typescript: https://cdn.jsdelivr.net/npm/@tsplus/installer@0.0.164/compiler/typescript.tgz

dependencies:
  '@effect-app/core': 0.7.0
  '@effect-app/prelude': 0.7.0
  '@effect-app/schema': 0.7.0
  '@effect/io': 0.0.65
  '@fp-ts/data': 0.0.39

devDependencies:
  '@effect/language-service': 0.0.15
  '@rollup/pluginutils': 5.0.2
  '@types/node': 18.11.18
  prettier: 2.8.3
  ts-node: 10.9.1_q3njxnyul4ocsfnf2gcl3x3qve
  typescript: '@cdn.jsdelivr.net/npm/@tsplus/installer@0.0.164/compiler/typescript.tgz'

packages:

  /@cspotcode/source-map-support/0.8.1:
    resolution: {integrity: sha512-IchNf6dN4tHoMFIn/7OE8LWZ19Y6q/67Bmf6vnGREv8RSbBVb9LPJxEcnwrcwX6ixSvaiGoomAUvu4YSxXrVgw==}
    engines: {node: '>=12'}
    dependencies:
      '@jridgewell/trace-mapping': 0.3.9
    dev: true

  /@effect-app/core/0.7.0:
    resolution: {integrity: sha512-piC/dPYxXdegLAu1BLLbEiClpw27/p4gG44yQhKXWRWY2+BqKVnw+m4QgC/cldah9ttIHg+x2/E7bPrI9rAaxA==}
    dependencies:
      '@effect-ts/core': 0.60.5
      '@effect-ts/monocle': 0.43.0_@effect-ts+core@0.60.5
      '@effect-ts/system': 0.57.5
      '@effect/io': 0.0.65
      '@fp-ts/core': 0.0.11
      '@fp-ts/data': 0.0.39
      cross-fetch: 3.1.5
      lodash: 4.17.21
      path-parser: 6.1.0
      query-string: 8.1.0
      uuid: 9.0.0
      validator: 13.7.0
    transitivePeerDependencies:
      - encoding
    dev: false

  /@effect-app/prelude/0.7.0:
    resolution: {integrity: sha512-yfC1o/+WEKyp7VDMTQVS9vtPaIX5/pe5ddCE9I+eSmIMm2lXEkkeDNR7V1296Ieh8zNGQvHDmBfrdf7ySEYXbA==}
    dependencies:
      '@effect-app/core': 0.7.0
      '@effect-app/schema': 0.7.0
      '@effect-ts/core': 0.60.5
      '@effect-ts/monocle': 0.43.0_@effect-ts+core@0.60.5
      '@effect-ts/system': 0.57.5
      '@effect/io': 0.0.65
      '@effect/stm': 0.0.15
      '@effect/stream': 0.0.12
      '@fp-ts/core': 0.0.11
      '@fp-ts/data': 0.0.39
      date-fns: 2.29.3
      lodash: 4.17.21
      nanoid: 4.0.0
      path-parser: 6.1.0
      query-string: 8.1.0
      ts-pattern: 4.1.3
      uuid: 9.0.0
      validator: 13.7.0
    transitivePeerDependencies:
      - encoding
    dev: false

  /@effect-app/schema/0.7.0:
    resolution: {integrity: sha512-vwHc/sEDxeynXj1DDg87YpBwIbkprSbCJaexnl0EajJkkPDB1NPeTC0gmjth+35XSzOO6R5RCpR9wY++mdRePg==}
    dependencies:
      '@effect-app/core': 0.7.0
      '@effect-ts/core': 0.60.5
      '@effect-ts/monocle': 0.43.0_@effect-ts+core@0.60.5
      '@effect-ts/system': 0.57.5
      '@effect/io': 0.0.65
      '@fp-ts/core': 0.0.11
      '@fp-ts/data': 0.0.39
      cross-fetch: 3.1.5
      lodash: 4.17.21
      path-parser: 6.1.0
      uuid: 9.0.0
      validator: 13.7.0
    transitivePeerDependencies:
      - encoding
    dev: false

  /@effect-ts/core/0.60.5:
    resolution: {integrity: sha512-qi1WrtJA90XLMnj2hnUszW9Sx4dXP03ZJtCc5DiUBIOhF4Vw7plfb65/bdBySPoC9s7zy995TdUX1XBSxUkl5w==}
    dependencies:
      '@effect-ts/system': 0.57.5
    dev: false

  /@effect-ts/monocle/0.43.0_@effect-ts+core@0.60.5:
    resolution: {integrity: sha512-EGMRp2MPhAdJMK3KCQPc6votppHa+18xXlXYC3zCHTGXhycsYoAdMH8wp+R5RzHmUKlsz9kK0A3kJVmY6abPTA==}
    peerDependencies:
      '@effect-ts/core': ^0.58.0
    dependencies:
      '@effect-ts/core': 0.60.5
    dev: false

  /@effect-ts/system/0.57.5:
    resolution: {integrity: sha512-/crHGujo0xnuHIYNc1VgP0HGJGFSoSqq88JFXe6FmFyXPpWt8Xu39LyLg7rchsxfXFeEdA9CrIZvLV5eswXV5g==}
    dev: false

  /@effect/io/0.0.65:
    resolution: {integrity: sha512-LiCeZap+ERUAALdk1cscgWJj4o0IEvQ2KhAtI4fev8cqIRjYy/UsYaW29zeX6FIVGUN/5UaU0xLgMuJnl6Kjqw==}
    dependencies:
      '@fp-ts/core': 0.0.11
      '@fp-ts/data': 0.0.39
    dev: false

  /@effect/language-service/0.0.15:
    resolution: {integrity: sha512-ELYL6h56W2TjTd13AiddZgbZjZFaa0J6MpnLpM26XlxYIR66j5tmdNFW67dtJxFbieoFS33+E713E5hrkg8MKg==}
    dependencies:
      '@fp-ts/core': 0.0.11
      '@fp-ts/data': 0.0.39
    dev: true

  /@effect/stm/0.0.15:
    resolution: {integrity: sha512-8H3AnkGFWf96THWog51XR5fQKu81vzN1vlTbXfXmvj1wDNEmY5/cqS4QWLIG2iGlIYHI0y9nVAWBI/LUD0vSkQ==}
    dependencies:
      '@effect/io': 0.0.65
      '@fp-ts/core': 0.0.11
      '@fp-ts/data': 0.0.39
    dev: false

  /@effect/stream/0.0.12:
    resolution: {integrity: sha512-th6NokgLZQC97jGxo4vM4x29aYtmqkGSwMlNFAQUJCp0e0RGfmr+Wr2KRL24L+oRttd7ITNFJ9U2m+uo1IbBOg==}
    dependencies:
      '@effect/io': 0.0.65
      '@fp-ts/core': 0.0.11
      '@fp-ts/data': 0.0.39
    dev: false

  /@fp-ts/core/0.0.11:
    resolution: {integrity: sha512-BCAJBYzghwoJpcUOARJ1tui50HoYJFlV2pJlVMlsEkDFhD8MTtq8xQVpZCRF66RmtkxtGBYINCQ+5H1lRaL35Q==}

  /@fp-ts/data/0.0.39:
    resolution: {integrity: sha512-dNw1LWjQmChmdenrDuxPct+ycucgKQQboVtWqov8rkAGY3DULznoSDJZam6l2kaLdq1ScPv810N4mzLLT+cBBw==}
    dependencies:
      '@fp-ts/core': 0.0.11

  /@jridgewell/resolve-uri/3.1.0:
    resolution: {integrity: sha512-F2msla3tad+Mfht5cJq7LSXcdudKTWCVYUgw6pLFOOHSTtZlj6SWNYAp+AhuqLmWdBO2X5hPrLcu8cVP8fy28w==}
    engines: {node: '>=6.0.0'}
    dev: true

  /@jridgewell/sourcemap-codec/1.4.14:
    resolution: {integrity: sha512-XPSJHWmi394fuUuzDnGz1wiKqWfo1yXecHQMRf2l6hztTO+nPru658AyDngaBe7isIxEkRsPR3FZh+s7iVa4Uw==}
    dev: true

  /@jridgewell/trace-mapping/0.3.9:
    resolution: {integrity: sha512-3Belt6tdc8bPgAtbcmdtNJlirVoTmEb5e2gC94PnkwEW9jI6CAHUeoG85tjWP5WquqfavoMtMwiG4P926ZKKuQ==}
    dependencies:
      '@jridgewell/resolve-uri': 3.1.0
      '@jridgewell/sourcemap-codec': 1.4.14
    dev: true

  /@rollup/pluginutils/5.0.2:
    resolution: {integrity: sha512-pTd9rIsP92h+B6wWwFbW8RkZv4hiR/xKsqre4SIuAOaOEQRxi0lqLke9k2/7WegC85GgUs9pjmOjCUi3In4vwA==}
    engines: {node: '>=14.0.0'}
    peerDependencies:
      rollup: ^1.20.0||^2.0.0||^3.0.0
    peerDependenciesMeta:
      rollup:
        optional: true
    dependencies:
      '@types/estree': 1.0.0
      estree-walker: 2.0.2
      picomatch: 2.3.1
    dev: true

  /@tsconfig/node10/1.0.9:
    resolution: {integrity: sha512-jNsYVVxU8v5g43Erja32laIDHXeoNvFEpX33OK4d6hljo3jDhCBDhx5dhCCTMWUojscpAagGiRkBKxpdl9fxqA==}
    dev: true

  /@tsconfig/node12/1.0.11:
    resolution: {integrity: sha512-cqefuRsh12pWyGsIoBKJA9luFu3mRxCA+ORZvA4ktLSzIuCUtWVxGIuXigEwO5/ywWFMZ2QEGKWvkZG1zDMTag==}
    dev: true

  /@tsconfig/node14/1.0.3:
    resolution: {integrity: sha512-ysT8mhdixWK6Hw3i1V2AeRqZ5WfXg1G43mqoYlM2nc6388Fq5jcXyr5mRsqViLx/GJYdoL0bfXD8nmF+Zn/Iow==}
    dev: true

  /@tsconfig/node16/1.0.3:
    resolution: {integrity: sha512-yOlFc+7UtL/89t2ZhjPvvB/DeAr3r+Dq58IgzsFkOAvVC6NMJXmCGjbptdXdR9qsX7pKcTL+s87FtYREi2dEEQ==}
    dev: true

  /@types/estree/1.0.0:
    resolution: {integrity: sha512-WulqXMDUTYAXCjZnk6JtIHPigp55cVtDgDrO2gHRwhyJto21+1zbVCtOYB2L1F9w4qCQ0rOGWBnBe0FNTiEJIQ==}
    dev: true

  /@types/node/18.11.18:
    resolution: {integrity: sha512-DHQpWGjyQKSHj3ebjFI/wRKcqQcdR+MoFBygntYOZytCqNfkd2ZC4ARDJ2DQqhjH5p85Nnd3jhUJIXrszFX/JA==}
    dev: true

  /acorn-walk/8.2.0:
    resolution: {integrity: sha512-k+iyHEuPgSw6SbuDpGQM+06HQUa04DZ3o+F6CSzXMvvI5KMvnaEqXe+YVe555R9nn6GPt404fos4wcgpw12SDA==}
    engines: {node: '>=0.4.0'}
    dev: true

  /acorn/8.8.1:
    resolution: {integrity: sha512-7zFpHzhnqYKrkYdUjF1HI1bzd0VygEGX8lFk4k5zVMqHEoES+P+7TKI+EvLO9WVMJ8eekdO0aDEK044xTXwPPA==}
    engines: {node: '>=0.4.0'}
    hasBin: true
    dev: true

  /arg/4.1.3:
    resolution: {integrity: sha512-58S9QDqG0Xx27YwPSt9fJxivjYl432YCwfDMfZ+71RAqUrZef7LrKQZ3LHLOwCS4FLNBplP533Zx895SeOCHvA==}
    dev: true

  /create-require/1.1.1:
    resolution: {integrity: sha512-dcKFX3jn0MpIaXjisoRvexIJVEKzaq7z2rZKxf+MSr9TkdmHmsU4m2lcLojrj/FHl8mk5VxMmYA+ftRkP/3oKQ==}
    dev: true

  /cross-fetch/3.1.5:
    resolution: {integrity: sha512-lvb1SBsI0Z7GDwmuid+mU3kWVBwTVUbe7S0H52yaaAdQOXq2YktTCZdlAcNKFzE6QtRz0snpw9bNiPeOIkkQvw==}
    dependencies:
      node-fetch: 2.6.7
    transitivePeerDependencies:
      - encoding
    dev: false

  /date-fns/2.29.3:
    resolution: {integrity: sha512-dDCnyH2WnnKusqvZZ6+jA1O51Ibt8ZMRNkDZdyAyK4YfbDwa/cEmuztzG5pk6hqlp9aSBPYcjOlktquahGwGeA==}
    engines: {node: '>=0.11'}
    dev: false

  /decode-uri-component/0.4.1:
    resolution: {integrity: sha512-+8VxcR21HhTy8nOt6jf20w0c9CADrw1O8d+VZ/YzzCt4bJ3uBjw+D1q2osAB8RnpwwaeYBxy0HyKQxD5JBMuuQ==}
    engines: {node: '>=14.16'}
    dev: false

  /diff/4.0.2:
    resolution: {integrity: sha512-58lmxKSA4BNyLz+HHMUzlOEpg09FV+ev6ZMe3vJihgdxzgcwZ8VoEEPmALCZG9LmqfVoNMMKpttIYTVG6uDY7A==}
    engines: {node: '>=0.3.1'}
    dev: true

  /estree-walker/2.0.2:
    resolution: {integrity: sha512-Rfkk/Mp/DL7JVje3u18FxFujQlTNR2q6QfMSMB7AvCBx91NGj/ba3kCfza0f6dVDbw7YlRf/nDrn7pQrCCyQ/w==}
    dev: true

  /filter-obj/5.1.0:
    resolution: {integrity: sha512-qWeTREPoT7I0bifpPUXtxkZJ1XJzxWtfoWWkdVGqa+eCr3SHW/Ocp89o8vLvbUuQnadybJpjOKu4V+RwO6sGng==}
    engines: {node: '>=14.16'}
    dev: false

  /lodash/4.17.21:
    resolution: {integrity: sha512-v2kDEe57lecTulaDIuNTPy3Ry4gLGJ6Z1O3vE1krgXZNrsQ+LFTGHVxVjcXPs17LhbZVGedAJv8XZ1tvj5FvSg==}
    dev: false

  /make-error/1.3.6:
    resolution: {integrity: sha512-s8UhlNe7vPKomQhC1qFelMokr/Sc3AgNbso3n74mVPA5LTZwkB9NlXf4XPamLxJE8h0gh73rM94xvwRT2CVInw==}
    dev: true

  /nanoid/4.0.0:
    resolution: {integrity: sha512-IgBP8piMxe/gf73RTQx7hmnhwz0aaEXYakvqZyE302IXW3HyVNhdNGC+O2MwMAVhLEnvXlvKtGbtJf6wvHihCg==}
    engines: {node: ^14 || ^16 || >=18}
    hasBin: true
    dev: false

  /node-fetch/2.6.7:
    resolution: {integrity: sha512-ZjMPFEfVx5j+y2yF35Kzx5sF7kDzxuDj6ziH4FFbOp87zKDZNx8yExJIb05OGF4Nlt9IHFIMBkRl41VdvcNdbQ==}
    engines: {node: 4.x || >=6.0.0}
    peerDependencies:
      encoding: ^0.1.0
    peerDependenciesMeta:
      encoding:
        optional: true
    dependencies:
      whatwg-url: 5.0.0
    dev: false

  /path-parser/6.1.0:
    resolution: {integrity: sha512-nAB6J73z2rFcQP+870OHhpkHFj5kO4rPLc2Ol4Y3Ale7F6Hk1/cPKp7cQ8RznKF8FOSvu+YR9Xc6Gafk7DlpYA==}
    dependencies:
      search-params: 3.0.0
      tslib: 1.14.1
    dev: false

  /picomatch/2.3.1:
    resolution: {integrity: sha512-JU3teHTNjmE2VCGFzuY8EXzCDVwEqB2a8fsIvwaStHhAWJEeVd1o1QD80CU6+ZdEXXSLbSsuLwJjkCBWqRQUVA==}
    engines: {node: '>=8.6'}
    dev: true

  /prettier/2.8.3:
    resolution: {integrity: sha512-tJ/oJ4amDihPoufT5sM0Z1SKEuKay8LfVAMlbbhnnkvt6BUserZylqo2PN+p9KeljLr0OHa2rXHU1T8reeoTrw==}
    engines: {node: '>=10.13.0'}
    hasBin: true
    dev: true

  /query-string/8.1.0:
    resolution: {integrity: sha512-BFQeWxJOZxZGix7y+SByG3F36dA0AbTy9o6pSmKFcFz7DAj0re9Frkty3saBn3nHo3D0oZJ/+rx3r8H8r8Jbpw==}
    engines: {node: '>=14.16'}
    dependencies:
      decode-uri-component: 0.4.1
      filter-obj: 5.1.0
      split-on-first: 3.0.0
    dev: false

  /search-params/3.0.0:
    resolution: {integrity: sha512-8CYNl/bjkEhXWbDTU/K7c2jQtrnqEffIPyOLMqygW/7/b+ym8UtQumcAZjOfMLjZKR6AxK5tOr9fChbQZCzPqg==}
    dev: false

  /split-on-first/3.0.0:
    resolution: {integrity: sha512-qxQJTx2ryR0Dw0ITYyekNQWpz6f8dGd7vffGNflQQ3Iqj9NJ6qiZ7ELpZsJ/QBhIVAiDfXdag3+Gp8RvWa62AA==}
    engines: {node: '>=12'}
    dev: false

  /tr46/0.0.3:
    resolution: {integrity: sha512-N3WMsuqV66lT30CrXNbEjx4GEwlow3v6rr4mCcv6prnfwhS01rkgyFdjPNBYd9br7LpXV1+Emh01fHnq2Gdgrw==}
    dev: false

  /ts-node/10.9.1_q3njxnyul4ocsfnf2gcl3x3qve:
    resolution: {integrity: sha512-NtVysVPkxxrwFGUUxGYhfux8k78pQB3JqYBXlLRZgdGUqTO5wU/UyHop5p70iEbGhB7q5KmiZiU0Y3KlJrScEw==}
    hasBin: true
    peerDependencies:
      '@swc/core': '>=1.2.50'
      '@swc/wasm': '>=1.2.50'
      '@types/node': '*'
      typescript: '>=2.7'
    peerDependenciesMeta:
      '@swc/core':
        optional: true
      '@swc/wasm':
        optional: true
    dependencies:
      '@cspotcode/source-map-support': 0.8.1
      '@tsconfig/node10': 1.0.9
      '@tsconfig/node12': 1.0.11
      '@tsconfig/node14': 1.0.3
      '@tsconfig/node16': 1.0.3
      '@types/node': 18.11.18
      acorn: 8.8.1
      acorn-walk: 8.2.0
      arg: 4.1.3
      create-require: 1.1.1
      diff: 4.0.2
      make-error: 1.3.6
      typescript: '@cdn.jsdelivr.net/npm/@tsplus/installer@0.0.164/compiler/typescript.tgz'
      v8-compile-cache-lib: 3.0.1
      yn: 3.1.1
    dev: true

  /ts-pattern/4.1.3:
    resolution: {integrity: sha512-8beXMWTGEv1JfDjSxfNhe4uT5jKYdhmEUKzt4gZW9dmHlquq3b+IbEyA7vX9LjBfzHmvKnM4HiomAUCyaW2Pew==}
    dev: false

  /tslib/1.14.1:
    resolution: {integrity: sha512-Xni35NKzjgMrwevysHTCArtLDpPvye8zV/0E4EyYn43P7/7qvQwPh9BGkHewbMulVntbigmcT7rdX3BNo9wRJg==}
    dev: false

  /uuid/9.0.0:
    resolution: {integrity: sha512-MXcSTerfPa4uqyzStbRoTgt5XIe3x5+42+q1sDuy3R5MDk66URdLMOZe5aPX/SQd+kuYAh0FdP/pO28IkQyTeg==}
    hasBin: true
    dev: false

  /v8-compile-cache-lib/3.0.1:
    resolution: {integrity: sha512-wa7YjyUGfNZngI/vtK0UHAN+lgDCxBPCylVXGp0zu59Fz5aiGtNXaq3DhIov063MorB+VfufLh3JlF2KdTK3xg==}
    dev: true

  /validator/13.7.0:
    resolution: {integrity: sha512-nYXQLCBkpJ8X6ltALua9dRrZDHVYxjJ1wgskNt1lH9fzGjs3tgojGSCBjmEPwkWS1y29+DrizMTW19Pr9uB2nw==}
    engines: {node: '>= 0.10'}
    dev: false

  /webidl-conversions/3.0.1:
    resolution: {integrity: sha512-2JAn3z8AR6rjK8Sm8orRC0h/bcl/DqL7tRPdGZ4I1CjdF+EaMLmYxBHyXuKL849eucPFhvBoxMsflfOb8kxaeQ==}
    dev: false

  /whatwg-url/5.0.0:
    resolution: {integrity: sha512-saE57nupxk6v3HY35+jzBwYa0rKSy0XR8JSxZPwgLr7ys0IBzhGviA1/TUGJLmSVqs8pb9AnvICXEuOHLprYTw==}
    dependencies:
      tr46: 0.0.3
      webidl-conversions: 3.0.1
    dev: false

  /yn/3.1.1:
    resolution: {integrity: sha512-Ux4ygGWsu2c7isFWe8Yu1YluJmqVhxqK2cLXNQA5AcC3QfbGNpM7fu0Y8b/z16pXLnFxZYvWhd3fhBY9DLmC6Q==}
    engines: {node: '>=6'}
    dev: true

  '@cdn.jsdelivr.net/npm/@tsplus/installer@0.0.164/compiler/typescript.tgz':
    resolution: {tarball: https://cdn.jsdelivr.net/npm/@tsplus/installer@0.0.164/compiler/typescript.tgz}
    name: typescript
    version: 5.0.0-tsplus.20230113
    engines: {node: '>=4.2.0'}
    hasBin: true
    dev: true
